
Microsoft Visual Studio Solution File, Format Version 12.00
# Visual Studio Version 17
VisualStudioVersion = 17.6.33801.468
MinimumVisualStudioVersion = 10.0.40219.1
Project("{9A19103F-16F7-4668-BE54-9A1E7A4F7556}") = "HelloWorld.Publisher", "HelloWorld\HelloWorld.Publisher\HelloWorld.Publisher.csproj", "{05518875-7D22-4392-B317-85ED57B0B544}"
EndProject
Project("{9A19103F-16F7-4668-BE54-9A1E7A4F7556}") = "HelloWorld.Subscriber", "HelloWorld\HelloWorld.Subscriber\HelloWorld.Subscriber.csproj", "{2ECBCC05-B73F-4F88-8369-805437D2A400}"
EndProject
Project("{2150E333-8FDC-42A3-9474-1A3956D46DE8}") = "HelloWorld", "HelloWorld", "{C96E2868-B6BD-44FA-8705-A1542725E116}"
EndProject
Project("{2150E333-8FDC-42A3-9474-1A3956D46DE8}") = "WorkQueue", "WorkQueue", "{356BBC7C-021F-4B48-84C0-2D082AD44A26}"
EndProject
Project("{9A19103F-16F7-4668-BE54-9A1E7A4F7556}") = "WorkQueue.Publisher", "WorkQueue\WorkQueue.Publisher\WorkQueue.Publisher.csproj", "{ECE07F1A-D38E-42E8-B84B-5099FAE8662A}"
EndProject
Project("{9A19103F-16F7-4668-BE54-9A1E7A4F7556}") = "WorkQueue.Subscriber", "WorkQueue\WorkQueue.Subscriber\WorkQueue.Subscriber.csproj", "{34C6D2D2-5876-487F-ADB7-76919D3065B7}"
EndProject
Project("{2150E333-8FDC-42A3-9474-1A3956D46DE8}") = "ExchangeTypes", "ExchangeTypes", "{72C3AA7B-15A8-448B-B5E7-059343C17181}"
EndProject
Project("{2150E333-8FDC-42A3-9474-1A3956D46DE8}") = "Fanout", "Fanout", "{8AAAA2FD-F080-4A9D-ADDD-A73FAA4174C7}"
EndProject
Project("{9A19103F-16F7-4668-BE54-9A1E7A4F7556}") = "Fanout.Publisher", "ExchangeTypes\Fanout\Fanout.Publisher\Fanout.Publisher.csproj", "{8CD1412C-D0B8-451D-9DA2-35EDD2EF0FBB}"
EndProject
Project("{9A19103F-16F7-4668-BE54-9A1E7A4F7556}") = "Fanout.Subscriber", "ExchangeTypes\Fanout\Fanout.Subscriber\Fanout.Subscriber.csproj", "{9D054AB3-8512-4B50-8154-D02CE8AD37E0}"
EndProject
Project("{2150E333-8FDC-42A3-9474-1A3956D46DE8}") = "Direct", "Direct", "{03FDA710-3637-4F1C-A77C-A9B2B53F60BB}"
EndProject
Project("{9A19103F-16F7-4668-BE54-9A1E7A4F7556}") = "Direct.Publisher", "ExchangeTypes\Direct\Direct.Publisher\Direct.Publisher.csproj", "{507044AC-CA77-4872-8172-E6D3452F902C}"
EndProject
Project("{9A19103F-16F7-4668-BE54-9A1E7A4F7556}") = "Direct.Subscriber", "ExchangeTypes\Direct\Direct.Subscriber\Direct.Subscriber.csproj", "{EDA77C5E-A6FD-45FC-ABC1-DDADA82D1374}"
EndProject
Project("{2150E333-8FDC-42A3-9474-1A3956D46DE8}") = "Topic", "Topic", "{84456039-1848-435F-8CCE-3019C7A63989}"
EndProject
Project("{9A19103F-16F7-4668-BE54-9A1E7A4F7556}") = "Topic.Publisher", "ExchangeTypes\Topic\Topic.Publisher\Topic.Publisher.csproj", "{F047C4B6-7910-42F7-BFE0-A48091A121A6}"
EndProject
Project("{9A19103F-16F7-4668-BE54-9A1E7A4F7556}") = "Topic.Subscriber", "ExchangeTypes\Topic\Topic.Subscriber\Topic.Subscriber.csproj", "{C178CD4C-7FDB-470B-9329-B383EA388D19}"
EndProject
Project("{2150E333-8FDC-42A3-9474-1A3956D46DE8}") = "Header", "Header", "{E9358B91-069D-4300-8711-2E09EEE2B500}"
EndProject
Project("{9A19103F-16F7-4668-BE54-9A1E7A4F7556}") = "Header.Publisher", "ExchangeTypes\Header\Header.Publisher\Header.Publisher.csproj", "{08F18D86-561B-4ACB-96B2-B8C90795246F}"
EndProject
Project("{9A19103F-16F7-4668-BE54-9A1E7A4F7556}") = "Header.Subscriber", "ExchangeTypes\Header\Header.Subscriber\Header.Subscriber.csproj", "{64BB3C33-74F2-4123-B327-B0861D4430B1}"
EndProject
Project("{9A19103F-16F7-4668-BE54-9A1E7A4F7556}") = "Shared", "Shared\Shared.csproj", "{58C49936-1399-419D-B8AC-BE18647B12CE}"
EndProject
Project("{2150E333-8FDC-42A3-9474-1A3956D46DE8}") = "ComplexType", "ComplexType", "{2CD358BA-5041-452F-A98C-56C68B4C3407}"
EndProject
Project("{9A19103F-16F7-4668-BE54-9A1E7A4F7556}") = "ComplexType.Publisher", "ComplexType.Publisher\ComplexType.Publisher.csproj", "{24330C40-3A10-464C-AD7C-45D852F057BF}"
EndProject
Project("{9A19103F-16F7-4668-BE54-9A1E7A4F7556}") = "ComplexType.Subscriber", "ComplexType.Subscriber\ComplexType.Subscriber.csproj", "{72985E1A-085D-4057-AB00-44BC4C197545}"
EndProject
Project("{2150E333-8FDC-42A3-9474-1A3956D46DE8}") = "Projects", "Projects", "{440BB40A-0794-466B-8967-8C3D2C9BF12C}"
EndProject
Project("{2150E333-8FDC-42A3-9474-1A3956D46DE8}") = "ExcelCreate", "ExcelCreate", "{8DEDA268-E60B-4EA7-A8F8-33D673336CB6}"
EndProject
Project("{9A19103F-16F7-4668-BE54-9A1E7A4F7556}") = "ExcelCreate.Web", "Projects\ExcelCreate\ExcelCreate.Web\ExcelCreate.Web.csproj", "{D3729E70-EA45-4D49-8214-363AFB155621}"
EndProject
Project("{2150E333-8FDC-42A3-9474-1A3956D46DE8}") = "Watermark", "Watermark", "{293AE627-4874-46F7-AB9A-48A7744589F4}"
EndProject
Project("{FAE04EC0-301F-11D3-BF4B-00C04F79EFBC}") = "Watermark.Web", "Projects\Watermark\Watermark.Web\Watermark.Web.csproj", "{C6BE0FEA-A48B-40F9-9417-9E099E7EB11A}"
EndProject
Project("{FAE04EC0-301F-11D3-BF4B-00C04F79EFBC}") = "ExcelCreate.Worker", "Projects\ExcelCreate\ExcelCreate.Worker\ExcelCreate.Worker.csproj", "{CCF2C990-2510-40C0-A739-109AD1D5497B}"
EndProject
Global
	GlobalSection(SolutionConfigurationPlatforms) = preSolution
		Debug|Any CPU = Debug|Any CPU
		Release|Any CPU = Release|Any CPU
	EndGlobalSection
	GlobalSection(ProjectConfigurationPlatforms) = postSolution
		{05518875-7D22-4392-B317-85ED57B0B544}.Debug|Any CPU.ActiveCfg = Debug|Any CPU
		{05518875-7D22-4392-B317-85ED57B0B544}.Debug|Any CPU.Build.0 = Debug|Any CPU
		{05518875-7D22-4392-B317-85ED57B0B544}.Release|Any CPU.ActiveCfg = Release|Any CPU
		{05518875-7D22-4392-B317-85ED57B0B544}.Release|Any CPU.Build.0 = Release|Any CPU
		{2ECBCC05-B73F-4F88-8369-805437D2A400}.Debug|Any CPU.ActiveCfg = Debug|Any CPU
		{2ECBCC05-B73F-4F88-8369-805437D2A400}.Debug|Any CPU.Build.0 = Debug|Any CPU
		{2ECBCC05-B73F-4F88-8369-805437D2A400}.Release|Any CPU.ActiveCfg = Release|Any CPU
		{2ECBCC05-B73F-4F88-8369-805437D2A400}.Release|Any CPU.Build.0 = Release|Any CPU
		{ECE07F1A-D38E-42E8-B84B-5099FAE8662A}.Debug|Any CPU.ActiveCfg = Debug|Any CPU
		{ECE07F1A-D38E-42E8-B84B-5099FAE8662A}.Debug|Any CPU.Build.0 = Debug|Any CPU
		{ECE07F1A-D38E-42E8-B84B-5099FAE8662A}.Release|Any CPU.ActiveCfg = Release|Any CPU
		{ECE07F1A-D38E-42E8-B84B-5099FAE8662A}.Release|Any CPU.Build.0 = Release|Any CPU
		{34C6D2D2-5876-487F-ADB7-76919D3065B7}.Debug|Any CPU.ActiveCfg = Debug|Any CPU
		{34C6D2D2-5876-487F-ADB7-76919D3065B7}.Debug|Any CPU.Build.0 = Debug|Any CPU
		{34C6D2D2-5876-487F-ADB7-76919D3065B7}.Release|Any CPU.ActiveCfg = Release|Any CPU
		{34C6D2D2-5876-487F-ADB7-76919D3065B7}.Release|Any CPU.Build.0 = Release|Any CPU
		{8CD1412C-D0B8-451D-9DA2-35EDD2EF0FBB}.Debug|Any CPU.ActiveCfg = Debug|Any CPU
		{8CD1412C-D0B8-451D-9DA2-35EDD2EF0FBB}.Debug|Any CPU.Build.0 = Debug|Any CPU
		{8CD1412C-D0B8-451D-9DA2-35EDD2EF0FBB}.Release|Any CPU.ActiveCfg = Release|Any CPU
		{8CD1412C-D0B8-451D-9DA2-35EDD2EF0FBB}.Release|Any CPU.Build.0 = Release|Any CPU
		{9D054AB3-8512-4B50-8154-D02CE8AD37E0}.Debug|Any CPU.ActiveCfg = Debug|Any CPU
		{9D054AB3-8512-4B50-8154-D02CE8AD37E0}.Debug|Any CPU.Build.0 = Debug|Any CPU
		{9D054AB3-8512-4B50-8154-D02CE8AD37E0}.Release|Any CPU.ActiveCfg = Release|Any CPU
		{9D054AB3-8512-4B50-8154-D02CE8AD37E0}.Release|Any CPU.Build.0 = Release|Any CPU
		{507044AC-CA77-4872-8172-E6D3452F902C}.Debug|Any CPU.ActiveCfg = Debug|Any CPU
		{507044AC-CA77-4872-8172-E6D3452F902C}.Debug|Any CPU.Build.0 = Debug|Any CPU
		{507044AC-CA77-4872-8172-E6D3452F902C}.Release|Any CPU.ActiveCfg = Release|Any CPU
		{507044AC-CA77-4872-8172-E6D3452F902C}.Release|Any CPU.Build.0 = Release|Any CPU
		{EDA77C5E-A6FD-45FC-ABC1-DDADA82D1374}.Debug|Any CPU.ActiveCfg = Debug|Any CPU
		{EDA77C5E-A6FD-45FC-ABC1-DDADA82D1374}.Debug|Any CPU.Build.0 = Debug|Any CPU
		{EDA77C5E-A6FD-45FC-ABC1-DDADA82D1374}.Release|Any CPU.ActiveCfg = Release|Any CPU
		{EDA77C5E-A6FD-45FC-ABC1-DDADA82D1374}.Release|Any CPU.Build.0 = Release|Any CPU
		{F047C4B6-7910-42F7-BFE0-A48091A121A6}.Debug|Any CPU.ActiveCfg = Debug|Any CPU
		{F047C4B6-7910-42F7-BFE0-A48091A121A6}.Debug|Any CPU.Build.0 = Debug|Any CPU
		{F047C4B6-7910-42F7-BFE0-A48091A121A6}.Release|Any CPU.ActiveCfg = Release|Any CPU
		{F047C4B6-7910-42F7-BFE0-A48091A121A6}.Release|Any CPU.Build.0 = Release|Any CPU
		{C178CD4C-7FDB-470B-9329-B383EA388D19}.Debug|Any CPU.ActiveCfg = Debug|Any CPU
		{C178CD4C-7FDB-470B-9329-B383EA388D19}.Debug|Any CPU.Build.0 = Debug|Any CPU
		{C178CD4C-7FDB-470B-9329-B383EA388D19}.Release|Any CPU.ActiveCfg = Release|Any CPU
		{C178CD4C-7FDB-470B-9329-B383EA388D19}.Release|Any CPU.Build.0 = Release|Any CPU
		{08F18D86-561B-4ACB-96B2-B8C90795246F}.Debug|Any CPU.ActiveCfg = Debug|Any CPU
		{08F18D86-561B-4ACB-96B2-B8C90795246F}.Debug|Any CPU.Build.0 = Debug|Any CPU
		{08F18D86-561B-4ACB-96B2-B8C90795246F}.Release|Any CPU.ActiveCfg = Release|Any CPU
		{08F18D86-561B-4ACB-96B2-B8C90795246F}.Release|Any CPU.Build.0 = Release|Any CPU
		{64BB3C33-74F2-4123-B327-B0861D4430B1}.Debug|Any CPU.ActiveCfg = Debug|Any CPU
		{64BB3C33-74F2-4123-B327-B0861D4430B1}.Debug|Any CPU.Build.0 = Debug|Any CPU
		{64BB3C33-74F2-4123-B327-B0861D4430B1}.Release|Any CPU.ActiveCfg = Release|Any CPU
		{64BB3C33-74F2-4123-B327-B0861D4430B1}.Release|Any CPU.Build.0 = Release|Any CPU
		{58C49936-1399-419D-B8AC-BE18647B12CE}.Debug|Any CPU.ActiveCfg = Debug|Any CPU
		{58C49936-1399-419D-B8AC-BE18647B12CE}.Debug|Any CPU.Build.0 = Debug|Any CPU
		{58C49936-1399-419D-B8AC-BE18647B12CE}.Release|Any CPU.ActiveCfg = Release|Any CPU
		{58C49936-1399-419D-B8AC-BE18647B12CE}.Release|Any CPU.Build.0 = Release|Any CPU
		{24330C40-3A10-464C-AD7C-45D852F057BF}.Debug|Any CPU.ActiveCfg = Debug|Any CPU
		{24330C40-3A10-464C-AD7C-45D852F057BF}.Debug|Any CPU.Build.0 = Debug|Any CPU
		{24330C40-3A10-464C-AD7C-45D852F057BF}.Release|Any CPU.ActiveCfg = Release|Any CPU
		{24330C40-3A10-464C-AD7C-45D852F057BF}.Release|Any CPU.Build.0 = Release|Any CPU
		{72985E1A-085D-4057-AB00-44BC4C197545}.Debug|Any CPU.ActiveCfg = Debug|Any CPU
		{72985E1A-085D-4057-AB00-44BC4C197545}.Debug|Any CPU.Build.0 = Debug|Any CPU
		{72985E1A-085D-4057-AB00-44BC4C197545}.Release|Any CPU.ActiveCfg = Release|Any CPU
		{72985E1A-085D-4057-AB00-44BC4C197545}.Release|Any CPU.Build.0 = Release|Any CPU
		{D3729E70-EA45-4D49-8214-363AFB155621}.Debug|Any CPU.ActiveCfg = Debug|Any CPU
		{D3729E70-EA45-4D49-8214-363AFB155621}.Debug|Any CPU.Build.0 = Debug|Any CPU
		{D3729E70-EA45-4D49-8214-363AFB155621}.Release|Any CPU.ActiveCfg = Release|Any CPU
		{D3729E70-EA45-4D49-8214-363AFB155621}.Release|Any CPU.Build.0 = Release|Any CPU
		{C6BE0FEA-A48B-40F9-9417-9E099E7EB11A}.Debug|Any CPU.ActiveCfg = Debug|Any CPU
		{C6BE0FEA-A48B-40F9-9417-9E099E7EB11A}.Debug|Any CPU.Build.0 = Debug|Any CPU
		{C6BE0FEA-A48B-40F9-9417-9E099E7EB11A}.Release|Any CPU.ActiveCfg = Release|Any CPU
		{C6BE0FEA-A48B-40F9-9417-9E099E7EB11A}.Release|Any CPU.Build.0 = Release|Any CPU
		{CCF2C990-2510-40C0-A739-109AD1D5497B}.Debug|Any CPU.ActiveCfg = Debug|Any CPU
		{CCF2C990-2510-40C0-A739-109AD1D5497B}.Debug|Any CPU.Build.0 = Debug|Any CPU
		{CCF2C990-2510-40C0-A739-109AD1D5497B}.Release|Any CPU.ActiveCfg = Release|Any CPU
		{CCF2C990-2510-40C0-A739-109AD1D5497B}.Release|Any CPU.Build.0 = Release|Any CPU
	EndGlobalSection
	GlobalSection(SolutionProperties) = preSolution
		HideSolutionNode = FALSE
	EndGlobalSection
	GlobalSection(NestedProjects) = preSolution
		{05518875-7D22-4392-B317-85ED57B0B544} = {C96E2868-B6BD-44FA-8705-A1542725E116}
		{2ECBCC05-B73F-4F88-8369-805437D2A400} = {C96E2868-B6BD-44FA-8705-A1542725E116}
		{ECE07F1A-D38E-42E8-B84B-5099FAE8662A} = {356BBC7C-021F-4B48-84C0-2D082AD44A26}
		{34C6D2D2-5876-487F-ADB7-76919D3065B7} = {356BBC7C-021F-4B48-84C0-2D082AD44A26}
		{8AAAA2FD-F080-4A9D-ADDD-A73FAA4174C7} = {72C3AA7B-15A8-448B-B5E7-059343C17181}
		{8CD1412C-D0B8-451D-9DA2-35EDD2EF0FBB} = {8AAAA2FD-F080-4A9D-ADDD-A73FAA4174C7}
		{9D054AB3-8512-4B50-8154-D02CE8AD37E0} = {8AAAA2FD-F080-4A9D-ADDD-A73FAA4174C7}
		{03FDA710-3637-4F1C-A77C-A9B2B53F60BB} = {72C3AA7B-15A8-448B-B5E7-059343C17181}
		{507044AC-CA77-4872-8172-E6D3452F902C} = {03FDA710-3637-4F1C-A77C-A9B2B53F60BB}
		{EDA77C5E-A6FD-45FC-ABC1-DDADA82D1374} = {03FDA710-3637-4F1C-A77C-A9B2B53F60BB}
		{84456039-1848-435F-8CCE-3019C7A63989} = {72C3AA7B-15A8-448B-B5E7-059343C17181}
		{F047C4B6-7910-42F7-BFE0-A48091A121A6} = {84456039-1848-435F-8CCE-3019C7A63989}
		{C178CD4C-7FDB-470B-9329-B383EA388D19} = {84456039-1848-435F-8CCE-3019C7A63989}
		{E9358B91-069D-4300-8711-2E09EEE2B500} = {72C3AA7B-15A8-448B-B5E7-059343C17181}
		{08F18D86-561B-4ACB-96B2-B8C90795246F} = {E9358B91-069D-4300-8711-2E09EEE2B500}
		{64BB3C33-74F2-4123-B327-B0861D4430B1} = {E9358B91-069D-4300-8711-2E09EEE2B500}
		{24330C40-3A10-464C-AD7C-45D852F057BF} = {2CD358BA-5041-452F-A98C-56C68B4C3407}
		{72985E1A-085D-4057-AB00-44BC4C197545} = {2CD358BA-5041-452F-A98C-56C68B4C3407}
		{8DEDA268-E60B-4EA7-A8F8-33D673336CB6} = {440BB40A-0794-466B-8967-8C3D2C9BF12C}
		{D3729E70-EA45-4D49-8214-363AFB155621} = {8DEDA268-E60B-4EA7-A8F8-33D673336CB6}
		{293AE627-4874-46F7-AB9A-48A7744589F4} = {440BB40A-0794-466B-8967-8C3D2C9BF12C}
		{C6BE0FEA-A48B-40F9-9417-9E099E7EB11A} = {293AE627-4874-46F7-AB9A-48A7744589F4}
		{CCF2C990-2510-40C0-A739-109AD1D5497B} = {8DEDA268-E60B-4EA7-A8F8-33D673336CB6}
	EndGlobalSection
	GlobalSection(ExtensibilityGlobals) = postSolution
		SolutionGuid = {9538BC4F-9D71-46F9-A460-C460D63BE004}
	EndGlobalSection
EndGlobal
